Microsoft Visual Studio Solution File, Format Version 12.00
# Visual Studio 2012
Project("{2150E333-8FDC-42A3-9474-1A3956D46DE8}") = "Solution Items", "Solution Items", "{AF99B5A2-BEFC-49DF-A139-BD641D33BE0B}"
	ProjectSection(SolutionItems) = preProject
		MemoryLifter.vsmdi = MemoryLifter.vsmdi
		TestSettings.testsettings = TestSettings.testsettings
	EndProjectSection
EndProject
Project("{2150E333-8FDC-42A3-9474-1A3956D46DE8}") = "DataAccessLayer", "DataAccessLayer", "{1933488B-B5CF-4BDC-B3DC-4ECC2F672EDB}"
EndProject
Project("{2150E333-8FDC-42A3-9474-1A3956D46DE8}") = "WebServices", "WebServices", "{67D9C025-4B79-4686-8566-B0001382C15F}"
EndProject
Project("{2150E333-8FDC-42A3-9474-1A3956D46DE8}") = "BusinessLayer", "BusinessLayer", "{C70FD474-F619-4D29-8A14-4B9741296059}"
EndProject
Project("{2150E333-8FDC-42A3-9474-1A3956D46DE8}") = "UserInterface", "UserInterface", "{B5254349-42F6-4E43-99D3-F1693FCB5F7F}"
EndProject
Project("{2150E333-8FDC-42A3-9474-1A3956D46DE8}") = "Common", "Common", "{C884CC9F-9C0A-4CCE-9080-5E33F5833C65}"
EndProject
Project("{2150E333-8FDC-42A3-9474-1A3956D46DE8}") = "Applications", "Applications", "{8C12090C-4D6C-4308-A25D-6B3B8347C1E0}"
EndProject
Project("{2150E333-8FDC-42A3-9474-1A3956D46DE8}") = "Testing", "Testing", "{3FA4E2D4-841D-44CC-ACC0-25E6650BA0C8}"
EndProject
Project("{2150E333-8FDC-42A3-9474-1A3956D46DE8}") = "Tools", "Tools", "{B0EF2517-6CDE-47EB-ABC0-E79AE9F120CD}"
EndProject
Project("{2150E333-8FDC-42A3-9474-1A3956D46DE8}") = "Stick", "Stick", "{DC972D9D-288A-46E6-A6A3-EBD35BE1FB43}"
EndProject
Project("{FAE04EC0-301F-11D3-BF4B-00C04F79EFBC}") = "MLifter.DAL", "MLifter.DAL\MLifter.DAL.csproj", "{981C08C1-FF99-4814-8BC9-E6F46432F806}"
EndProject
Project("{FAE04EC0-301F-11D3-BF4B-00C04F79EFBC}") = "MLifter.CardCollector", "MLifter.CardCollector\MLifter.CardCollector.csproj", "{1A440E1E-5BC8-4BC8-8D10-45B5D57C1108}"
EndProject
Project("{FAE04EC0-301F-11D3-BF4B-00C04F79EFBC}") = "MLifter.BusinessLayer", "MLifter.BusinessLayer\MLifter.BusinessLayer.csproj", "{D629D585-8591-4D70-9A41-C0D8AC954818}"
EndProject
Project("{FAE04EC0-301F-11D3-BF4B-00C04F79EFBC}") = "MLifter.Components", "MLifter.Components\MLifter.Components.csproj", "{A8A07573-B1AE-411F-B298-941D84865D82}"
EndProject
Project("{FAE04EC0-301F-11D3-BF4B-00C04F79EFBC}") = "MLifter.Controls", "MLifter.Controls\MLifter.Controls.csproj", "{09C4C0AD-3464-41B5-8426-4BA1B950B5C4}"
EndProject
Project("{FAE04EC0-301F-11D3-BF4B-00C04F79EFBC}") = "MLifter.AudioTools", "MLifter.AudioTools\MLifter.AudioTools.csproj", "{7DF80582-C238-4DB3-A9CF-578653BFA377}"
EndProject
Project("{FAE04EC0-301F-11D3-BF4B-00C04F79EFBC}") = "MLifter.SyncService", "MLifter.SyncService\MLifter.SyncService.csproj", "{2E22E4FC-020C-4BD8-A9E0-E8F9BD9E9B15}"
EndProject
Project("{FAE04EC0-301F-11D3-BF4B-00C04F79EFBC}") = "Security.Framework.Base", "Security.Framework.Base\Security.Framework.Base.csproj", "{0AD933C6-B0C9-4B00-A626-9F060375A0DE}"
EndProject
Project("{FAE04EC0-301F-11D3-BF4B-00C04F79EFBC}") = "Security.PgSqlAdapter", "Security.PgSqlAdapter\Security.PgSqlAdapter.csproj", "{63034166-E12F-469D-9675-FF66DD102377}"
EndProject
Project("{FAE04EC0-301F-11D3-BF4B-00C04F79EFBC}") = "MLifter.Generics", "MLifter.Generics\MLifter.Generics.csproj", "{BC74924A-F4EB-4EAB-88EB-CDBADC0F246F}"
EndProject
Project("{FAE04EC0-301F-11D3-BF4B-00C04F79EFBC}") = "MLifter.Stick", "MLifter.Stick\MLifter.Stick.csproj", "{B44E2EC4-D885-4292-A397-AA2B027EDB85}"
	ProjectSection(ProjectDependencies) = postProject
		{68C5300E-1CF3-47FB-B29A-33124BCFF587} = {68C5300E-1CF3-47FB-B29A-33124BCFF587}
		{01BAF746-1EB4-4BC5-86AC-322C2E7996BD} = {01BAF746-1EB4-4BC5-86AC-322C2E7996BD}
		{B93BBD55-3BB5-48D0-ADF5-4C007D3D52C0} = {B93BBD55-3BB5-48D0-ADF5-4C007D3D52C0}
	EndProjectSection
EndProject
Project("{FAE04EC0-301F-11D3-BF4B-00C04F79EFBC}") = "MLifter.Remoting", "MLifter.Remoting\MLifter.Remoting.csproj", "{AC8B0FBD-6F71-44C6-A930-210C8CF8104B}"
EndProject
Project("{FAE04EC0-301F-11D3-BF4B-00C04F79EFBC}") = "MLifter.UpdateService", "MLifter.UpdateService\MLifter.UpdateService.csproj", "{EEDDE44A-B7EE-45CC-96F7-3675A8C848C3}"
EndProject
Project("{FAE04EC0-301F-11D3-BF4B-00C04F79EFBC}") = "MLifter.UpdateHandler", "MLifter.UpdateHandler\MLifter.UpdateHandler.csproj", "{95668CB5-662E-4CCA-A205-54745E440DF6}"
EndProject
Project("{FAE04EC0-301F-11D3-BF4B-00C04F79EFBC}") = "MLifter.ErrorHandler", "MLifter.ErrorHandler\MLifter.ErrorHandler.csproj", "{69CF94DF-FB51-46D4-BC62-02882C04E2D3}"
EndProject
Project("{FAE04EC0-301F-11D3-BF4B-00C04F79EFBC}") = "MLifter.Updater", "MLifter.Updater\MLifter.Updater.csproj", "{8FC057DD-8581-47A6-AA64-F863CE75C1A3}"
EndProject
Project("{FAE04EC0-301F-11D3-BF4B-00C04F79EFBC}") = "MLifter.UnitTests", "MLifter.UnitTests\MLifter.UnitTests.csproj", "{7FB4E1E5-70FA-4E86-9D29-9883E7C189AC}"
EndProject
Project("{FAE04EC0-301F-11D3-BF4B-00C04F79EFBC}") = "StickFactory", "StickFactory\StickFactory.csproj", "{9BBD0E00-AB45-4326-93F6-88D303962D59}"
EndProject
Project("{FAE04EC0-301F-11D3-BF4B-00C04F79EFBC}") = "MLifter.Unbind", "MLifter.Unbind\MLifter.Unbind.csproj", "{D1E335F4-DF8A-4D15-AE78-EB2DEEAED488}"
EndProject
Project("{FAE04EC0-301F-11D3-BF4B-00C04F79EFBC}") = "MLifter.SettingsManager", "MLifter.SettingsManager\MLifter.SettingsManager.csproj", "{8F26F051-EAFE-4392-9482-BFE0FBBE03A6}"
EndProject
Project("{FAE04EC0-301F-11D3-BF4B-00C04F79EFBC}") = "MLifter.Recorder", "MLifter.Recorder\MLifter.Recorder.csproj", "{5444BE8F-5127-4C3F-938F-C32B252617E3}"
EndProject
Project("{FAE04EC0-301F-11D3-BF4B-00C04F79EFBC}") = "MLifter.GenerateTestData", "MLifter.GenerateTestData\MLifter.GenerateTestData.csproj", "{BF40D5D8-207D-409C-894C-79DE489D0537}"
EndProject
Project("{FAE04EC0-301F-11D3-BF4B-00C04F79EFBC}") = "MLifter.AudioBookGenerator", "MLifter.AudioBookGenerator\MLifter.AudioBookGenerator.csproj", "{77FFB27E-E9B9-4BC1-8016-5D9FF1487108}"
EndProject
Project("{FAE04EC0-301F-11D3-BF4B-00C04F79EFBC}") = "SecurityAdminSuite", "SecurityAdminSuite\SecurityAdminSuite.csproj", "{0D59C588-B642-44C2-AD47-26B5911BA97C}"
EndProject
Project("{8BC9CEB8-8B4A-11D0-8D11-00A0C91BC942}") = "Autorun", "Autorun\Autorun.vcxproj", "{01BAF746-1EB4-4BC5-86AC-322C2E7996BD}"
EndProject
Project("{FAE04EC0-301F-11D3-BF4B-00C04F79EFBC}") = "MemoryLifter", "MemoryLifter\MemoryLifter.csproj", "{B93BBD55-3BB5-48D0-ADF5-4C007D3D52C0}"
EndProject
Project("{FAE04EC0-301F-11D3-BF4B-00C04F79EFBC}") = "MLifter.ModuleService", "MLifter.ModuleService\MLifter.ModuleService.csproj", "{DE1F5169-A1B2-431D-BF5C-25FD3C336A1F}"
EndProject
Project("{54435603-DBB4-11D2-8724-00A0C9A8B90C}") = "MemoryLifter.Setup", "MemoryLifter.Setup\MemoryLifter.Setup.vdproj", "{68C5300E-1CF3-47FB-B29A-33124BCFF587}"
EndProject
Project("{FAE04EC0-301F-11D3-BF4B-00C04F79EFBC}") = "MLifter.ErrorService", "MLifter.ErrorService\MLifter.ErrorService.csproj", "{FAA25E97-B978-4BDE-A93D-5DB04670FC63}"
EndProject
Project("{FAE04EC0-301F-11D3-BF4B-00C04F79EFBC}") = "MLifter.RegistrationService", "MLifter.RegistrationService\MLifter.RegistrationService.csproj", "{BA2C05D0-12D2-416B-B60D-229D49ED39AC}"
EndProject
Global
	GlobalSection(TestCaseManagementSettings) = postSolution
		CategoryFile = MemoryLifter.vsmdi
	EndGlobalSection
	GlobalSection(SolutionConfigurationPlatforms) = preSolution
		Debug|Any CPU = Debug|Any CPU
		Debug|x86 = Debug|x86
		Release|Any CPU = Release|Any CPU
		Release|x86 = Release|x86
	EndGlobalSection
	GlobalSection(ProjectConfigurationPlatforms) = postSolution
		{981C08C1-FF99-4814-8BC9-E6F46432F806}.Debug|Any CPU.ActiveCfg = Debug|Any CPU
		{981C08C1-FF99-4814-8BC9-E6F46432F806}.Debug|Any CPU.Build.0 = Debug|Any CPU
		{981C08C1-FF99-4814-8BC9-E6F46432F806}.Debug|x86.ActiveCfg = Debug|x86
		{981C08C1-FF99-4814-8BC9-E6F46432F806}.Debug|x86.Build.0 = Debug|x86
		{981C08C1-FF99-4814-8BC9-E6F46432F806}.Release|Any CPU.ActiveCfg = Release|Any CPU
		{981C08C1-FF99-4814-8BC9-E6F46432F806}.Release|Any CPU.Build.0 = Release|Any CPU
		{981C08C1-FF99-4814-8BC9-E6F46432F806}.Release|x86.ActiveCfg = Release|x86
		{981C08C1-FF99-4814-8BC9-E6F46432F806}.Release|x86.Build.0 = Release|x86
		{1A440E1E-5BC8-4BC8-8D10-45B5D57C1108}.Debug|Any CPU.ActiveCfg = Debug|Any CPU
		{1A440E1E-5BC8-4BC8-8D10-45B5D57C1108}.Debug|Any CPU.Build.0 = Debug|Any CPU
		{1A440E1E-5BC8-4BC8-8D10-45B5D57C1108}.Debug|x86.ActiveCfg = Debug|x86
		{1A440E1E-5BC8-4BC8-8D10-45B5D57C1108}.Debug|x86.Build.0 = Debug|x86
		{1A440E1E-5BC8-4BC8-8D10-45B5D57C1108}.Release|Any CPU.ActiveCfg = Release|Any CPU
		{1A440E1E-5BC8-4BC8-8D10-45B5D57C1108}.Release|Any CPU.Build.0 = Release|Any CPU
		{1A440E1E-5BC8-4BC8-8D10-45B5D57C1108}.Release|x86.ActiveCfg = Release|x86
		{1A440E1E-5BC8-4BC8-8D10-45B5D57C1108}.Release|x86.Build.0 = Release|x86
		{D629D585-8591-4D70-9A41-C0D8AC954818}.Debug|Any CPU.ActiveCfg = Debug|Any CPU
		{D629D585-8591-4D70-9A41-C0D8AC954818}.Debug|Any CPU.Build.0 = Debug|Any CPU
		{D629D585-8591-4D70-9A41-C0D8AC954818}.Debug|x86.ActiveCfg = Debug|x86
		{D629D585-8591-4D70-9A41-C0D8AC954818}.Debug|x86.Build.0 = Debug|x86
		{D629D585-8591-4D70-9A41-C0D8AC954818}.Release|Any CPU.ActiveCfg = Release|Any CPU
		{D629D585-8591-4D70-9A41-C0D8AC954818}.Release|Any CPU.Build.0 = Release|Any CPU
		{D629D585-8591-4D70-9A41-C0D8AC954818}.Release|x86.ActiveCfg = Release|x86
		{D629D585-8591-4D70-9A41-C0D8AC954818}.Release|x86.Build.0 = Release|x86
		{A8A07573-B1AE-411F-B298-941D84865D82}.Debug|Any CPU.ActiveCfg = Debug|Any CPU
		{A8A07573-B1AE-411F-B298-941D84865D82}.Debug|Any CPU.Build.0 = Debug|Any CPU
		{A8A07573-B1AE-411F-B298-941D84865D82}.Debug|x86.ActiveCfg = Debug|x86
		{A8A07573-B1AE-411F-B298-941D84865D82}.Debug|x86.Build.0 = Debug|x86
		{A8A07573-B1AE-411F-B298-941D84865D82}.Release|Any CPU.ActiveCfg = Release|Any CPU
		{A8A07573-B1AE-411F-B298-941D84865D82}.Release|Any CPU.Build.0 = Release|Any CPU
		{A8A07573-B1AE-411F-B298-941D84865D82}.Release|x86.ActiveCfg = Release|x86
		{A8A07573-B1AE-411F-B298-941D84865D82}.Release|x86.Build.0 = Release|x86
		{09C4C0AD-3464-41B5-8426-4BA1B950B5C4}.Debug|Any CPU.ActiveCfg = Debug|Any CPU
		{09C4C0AD-3464-41B5-8426-4BA1B950B5C4}.Debug|Any CPU.Build.0 = Debug|Any CPU
		{09C4C0AD-3464-41B5-8426-4BA1B950B5C4}.Debug|x86.ActiveCfg = Debug|x86
		{09C4C0AD-3464-41B5-8426-4BA1B950B5C4}.Debug|x86.Build.0 = Debug|x86
		{09C4C0AD-3464-41B5-8426-4BA1B950B5C4}.Release|Any CPU.ActiveCfg = Release|Any CPU
		{09C4C0AD-3464-41B5-8426-4BA1B950B5C4}.Release|Any CPU.Build.0 = Release|Any CPU
		{09C4C0AD-3464-41B5-8426-4BA1B950B5C4}.Release|x86.ActiveCfg = Release|x86
		{09C4C0AD-3464-41B5-8426-4BA1B950B5C4}.Release|x86.Build.0 = Release|x86
		{7DF80582-C238-4DB3-A9CF-578653BFA377}.Debug|Any CPU.ActiveCfg = Debug|Any CPU
		{7DF80582-C238-4DB3-A9CF-578653BFA377}.Debug|Any CPU.Build.0 = Debug|Any CPU
		{7DF80582-C238-4DB3-A9CF-578653BFA377}.Debug|x86.ActiveCfg = Debug|x86
		{7DF80582-C238-4DB3-A9CF-578653BFA377}.Debug|x86.Build.0 = Debug|x86
		{7DF80582-C238-4DB3-A9CF-578653BFA377}.Release|Any CPU.ActiveCfg = Release|Any CPU
		{7DF80582-C238-4DB3-A9CF-578653BFA377}.Release|Any CPU.Build.0 = Release|Any CPU
		{7DF80582-C238-4DB3-A9CF-578653BFA377}.Release|x86.ActiveCfg = Release|x86
		{7DF80582-C238-4DB3-A9CF-578653BFA377}.Release|x86.Build.0 = Release|x86
		{2E22E4FC-020C-4BD8-A9E0-E8F9BD9E9B15}.Debug|Any CPU.ActiveCfg = Debug|Any CPU
		{2E22E4FC-020C-4BD8-A9E0-E8F9BD9E9B15}.Debug|Any CPU.Build.0 = Debug|Any CPU
		{2E22E4FC-020C-4BD8-A9E0-E8F9BD9E9B15}.Debug|x86.ActiveCfg = Debug|x86
		{2E22E4FC-020C-4BD8-A9E0-E8F9BD9E9B15}.Debug|x86.Build.0 = Debug|x86
		{2E22E4FC-020C-4BD8-A9E0-E8F9BD9E9B15}.Release|Any CPU.ActiveCfg = Release|Any CPU
		{2E22E4FC-020C-4BD8-A9E0-E8F9BD9E9B15}.Release|Any CPU.Build.0 = Release|Any CPU
		{2E22E4FC-020C-4BD8-A9E0-E8F9BD9E9B15}.Release|x86.ActiveCfg = Release|x86
		{2E22E4FC-020C-4BD8-A9E0-E8F9BD9E9B15}.Release|x86.Build.0 = Release|x86
		{0AD933C6-B0C9-4B00-A626-9F060375A0DE}.Debug|Any CPU.ActiveCfg = Debug|Any CPU
		{0AD933C6-B0C9-4B00-A626-9F060375A0DE}.Debug|Any CPU.Build.0 = Debug|Any CPU
		{0AD933C6-B0C9-4B00-A626-9F060375A0DE}.Debug|x86.ActiveCfg = Debug|x86
		{0AD933C6-B0C9-4B00-A626-9F060375A0DE}.Debug|x86.Build.0 = Debug|x86
		{0AD933C6-B0C9-4B00-A626-9F060375A0DE}.Release|Any CPU.ActiveCfg = Release|Any CPU
		{0AD933C6-B0C9-4B00-A626-9F060375A0DE}.Release|Any CPU.Build.0 = Release|Any CPU
		{0AD933C6-B0C9-4B00-A626-9F060375A0DE}.Release|x86.ActiveCfg = Release|x86
		{0AD933C6-B0C9-4B00-A626-9F060375A0DE}.Release|x86.Build.0 = Release|x86
		{63034166-E12F-469D-9675-FF66DD102377}.Debug|Any CPU.ActiveCfg = Debug|Any CPU
		{63034166-E12F-469D-9675-FF66DD102377}.Debug|Any CPU.Build.0 = Debug|Any CPU
		{63034166-E12F-469D-9675-FF66DD102377}.Debug|x86.ActiveCfg = Debug|x86
		{63034166-E12F-469D-9675-FF66DD102377}.Debug|x86.Build.0 = Debug|x86
		{63034166-E12F-469D-9675-FF66DD102377}.Release|Any CPU.ActiveCfg = Release|Any CPU
		{63034166-E12F-469D-9675-FF66DD102377}.Release|Any CPU.Build.0 = Release|Any CPU
		{63034166-E12F-469D-9675-FF66DD102377}.Release|x86.ActiveCfg = Release|x86
		{63034166-E12F-469D-9675-FF66DD102377}.Release|x86.Build.0 = Release|x86
		{BC74924A-F4EB-4EAB-88EB-CDBADC0F246F}.Debug|Any CPU.ActiveCfg = Debug|Any CPU
		{BC74924A-F4EB-4EAB-88EB-CDBADC0F246F}.Debug|Any CPU.Build.0 = Debug|Any CPU
		{BC74924A-F4EB-4EAB-88EB-CDBADC0F246F}.Debug|x86.ActiveCfg = Debug|x86
		{BC74924A-F4EB-4EAB-88EB-CDBADC0F246F}.Debug|x86.Build.0 = Debug|x86
		{BC74924A-F4EB-4EAB-88EB-CDBADC0F246F}.Release|Any CPU.ActiveCfg = Release|Any CPU
		{BC74924A-F4EB-4EAB-88EB-CDBADC0F246F}.Release|Any CPU.Build.0 = Release|Any CPU
		{BC74924A-F4EB-4EAB-88EB-CDBADC0F246F}.Release|x86.ActiveCfg = Release|x86
		{BC74924A-F4EB-4EAB-88EB-CDBADC0F246F}.Release|x86.Build.0 = Release|x86
		{B44E2EC4-D885-4292-A397-AA2B027EDB85}.Debug|Any CPU.ActiveCfg = Debug|Any CPU
		{B44E2EC4-D885-4292-A397-AA2B027EDB85}.Debug|x86.ActiveCfg = Debug|x86
		{B44E2EC4-D885-4292-A397-AA2B027EDB85}.Release|Any CPU.ActiveCfg = Release|Any CPU
		{B44E2EC4-D885-4292-A397-AA2B027EDB85}.Release|Any CPU.Build.0 = Release|Any CPU
		{B44E2EC4-D885-4292-A397-AA2B027EDB85}.Release|x86.ActiveCfg = Release|x86
		{B44E2EC4-D885-4292-A397-AA2B027EDB85}.Release|x86.Build.0 = Release|x86
		{AC8B0FBD-6F71-44C6-A930-210C8CF8104B}.Debug|Any CPU.ActiveCfg = Debug|Any CPU
		{AC8B0FBD-6F71-44C6-A930-210C8CF8104B}.Debug|Any CPU.Build.0 = Debug|Any CPU
		{AC8B0FBD-6F71-44C6-A930-210C8CF8104B}.Debug|x86.ActiveCfg = Debug|x86
		{AC8B0FBD-6F71-44C6-A930-210C8CF8104B}.Debug|x86.Build.0 = Debug|x86
		{AC8B0FBD-6F71-44C6-A930-210C8CF8104B}.Release|Any CPU.ActiveCfg = Release|Any CPU
		{AC8B0FBD-6F71-44C6-A930-210C8CF8104B}.Release|Any CPU.Build.0 = Release|Any CPU
		{AC8B0FBD-6F71-44C6-A930-210C8CF8104B}.Release|x86.ActiveCfg = Release|x86
		{AC8B0FBD-6F71-44C6-A930-210C8CF8104B}.Release|x86.Build.0 = Release|x86
		{EEDDE44A-B7EE-45CC-96F7-3675A8C848C3}.Debug|Any CPU.ActiveCfg = Debug|Any CPU
		{EEDDE44A-B7EE-45CC-96F7-3675A8C848C3}.Debug|Any CPU.Build.0 = Debug|Any CPU
		{EEDDE44A-B7EE-45CC-96F7-3675A8C848C3}.Debug|x86.ActiveCfg = Debug|x86
		{EEDDE44A-B7EE-45CC-96F7-3675A8C848C3}.Debug|x86.Build.0 = Debug|x86
		{EEDDE44A-B7EE-45CC-96F7-3675A8C848C3}.Release|Any CPU.ActiveCfg = Release|Any CPU
		{EEDDE44A-B7EE-45CC-96F7-3675A8C848C3}.Release|Any CPU.Build.0 = Release|Any CPU
		{EEDDE44A-B7EE-45CC-96F7-3675A8C848C3}.Release|x86.ActiveCfg = Release|x86
		{EEDDE44A-B7EE-45CC-96F7-3675A8C848C3}.Release|x86.Build.0 = Release|x86
		{95668CB5-662E-4CCA-A205-54745E440DF6}.Debug|Any CPU.ActiveCfg = Debug|Any CPU
		{95668CB5-662E-4CCA-A205-54745E440DF6}.Debug|Any CPU.Build.0 = Debug|Any CPU
		{95668CB5-662E-4CCA-A205-54745E440DF6}.Debug|x86.ActiveCfg = Debug|x86
		{95668CB5-662E-4CCA-A205-54745E440DF6}.Debug|x86.Build.0 = Debug|x86
		{95668CB5-662E-4CCA-A205-54745E440DF6}.Release|Any CPU.ActiveCfg = Release|Any CPU
		{95668CB5-662E-4CCA-A205-54745E440DF6}.Release|Any CPU.Build.0 = Release|Any CPU
		{95668CB5-662E-4CCA-A205-54745E440DF6}.Release|x86.ActiveCfg = Release|x86
		{95668CB5-662E-4CCA-A205-54745E440DF6}.Release|x86.Build.0 = Release|x86
		{69CF94DF-FB51-46D4-BC62-02882C04E2D3}.Debug|Any CPU.ActiveCfg = Debug|Any CPU
		{69CF94DF-FB51-46D4-BC62-02882C04E2D3}.Debug|Any CPU.Build.0 = Debug|Any CPU
		{69CF94DF-FB51-46D4-BC62-02882C04E2D3}.Debug|x86.ActiveCfg = Debug|x86
		{69CF94DF-FB51-46D4-BC62-02882C04E2D3}.Debug|x86.Build.0 = Debug|x86
		{69CF94DF-FB51-46D4-BC62-02882C04E2D3}.Release|Any CPU.ActiveCfg = Release|Any CPU
		{69CF94DF-FB51-46D4-BC62-02882C04E2D3}.Release|Any CPU.Build.0 = Release|Any CPU
		{69CF94DF-FB51-46D4-BC62-02882C04E2D3}.Release|x86.ActiveCfg = Release|x86
		{69CF94DF-FB51-46D4-BC62-02882C04E2D3}.Release|x86.Build.0 = Release|x86
		{8FC057DD-8581-47A6-AA64-F863CE75C1A3}.Debug|Any CPU.ActiveCfg = Debug|Any CPU
		{8FC057DD-8581-47A6-AA64-F863CE75C1A3}.Debug|Any CPU.Build.0 = Debug|Any CPU
		{8FC057DD-8581-47A6-AA64-F863CE75C1A3}.Debug|x86.ActiveCfg = Debug|x86
		{8FC057DD-8581-47A6-AA64-F863CE75C1A3}.Debug|x86.Build.0 = Debug|x86
		{8FC057DD-8581-47A6-AA64-F863CE75C1A3}.Release|Any CPU.ActiveCfg = Release|Any CPU
		{8FC057DD-8581-47A6-AA64-F863CE75C1A3}.Release|Any CPU.Build.0 = Release|Any CPU
		{8FC057DD-8581-47A6-AA64-F863CE75C1A3}.Release|x86.ActiveCfg = Release|x86
		{8FC057DD-8581-47A6-AA64-F863CE75C1A3}.Release|x86.Build.0 = Release|x86
		{7FB4E1E5-70FA-4E86-9D29-9883E7C189AC}.Debug|Any CPU.ActiveCfg = Debug|Any CPU
		{7FB4E1E5-70FA-4E86-9D29-9883E7C189AC}.Debug|Any CPU.Build.0 = Debug|Any CPU
		{7FB4E1E5-70FA-4E86-9D29-9883E7C189AC}.Debug|x86.ActiveCfg = Debug|x86
		{7FB4E1E5-70FA-4E86-9D29-9883E7C189AC}.Debug|x86.Build.0 = Debug|x86
		{7FB4E1E5-70FA-4E86-9D29-9883E7C189AC}.Release|Any CPU.ActiveCfg = Release|Any CPU
		{7FB4E1E5-70FA-4E86-9D29-9883E7C189AC}.Release|Any CPU.Build.0 = Release|Any CPU
		{7FB4E1E5-70FA-4E86-9D29-9883E7C189AC}.Release|x86.ActiveCfg = Release|x86
		{7FB4E1E5-70FA-4E86-9D29-9883E7C189AC}.Release|x86.Build.0 = Release|x86
		{9BBD0E00-AB45-4326-93F6-88D303962D59}.Debug|Any CPU.ActiveCfg = Debug|Any CPU
		{9BBD0E00-AB45-4326-93F6-88D303962D59}.Debug|Any CPU.Build.0 = Debug|Any CPU
		{9BBD0E00-AB45-4326-93F6-88D303962D59}.Debug|x86.ActiveCfg = Debug|x86
		{9BBD0E00-AB45-4326-93F6-88D303962D59}.Debug|x86.Build.0 = Debug|x86
		{9BBD0E00-AB45-4326-93F6-88D303962D59}.Release|Any CPU.ActiveCfg = Release|Any CPU
		{9BBD0E00-AB45-4326-93F6-88D303962D59}.Release|Any CPU.Build.0 = Release|Any CPU
		{9BBD0E00-AB45-4326-93F6-88D303962D59}.Release|x86.ActiveCfg = Release|x86
		{9BBD0E00-AB45-4326-93F6-88D303962D59}.Release|x86.Build.0 = Release|x86
		{D1E335F4-DF8A-4D15-AE78-EB2DEEAED488}.Debug|Any CPU.ActiveCfg = Debug|Any CPU
		{D1E335F4-DF8A-4D15-AE78-EB2DEEAED488}.Debug|Any CPU.Build.0 = Debug|Any CPU
		{D1E335F4-DF8A-4D15-AE78-EB2DEEAED488}.Debug|x86.ActiveCfg = Debug|x86
		{D1E335F4-DF8A-4D15-AE78-EB2DEEAED488}.Debug|x86.Build.0 = Debug|x86
		{D1E335F4-DF8A-4D15-AE78-EB2DEEAED488}.Release|Any CPU.ActiveCfg = Release|Any CPU
		{D1E335F4-DF8A-4D15-AE78-EB2DEEAED488}.Release|Any CPU.Build.0 = Release|Any CPU
		{D1E335F4-DF8A-4D15-AE78-EB2DEEAED488}.Release|x86.ActiveCfg = Release|x86
		{D1E335F4-DF8A-4D15-AE78-EB2DEEAED488}.Release|x86.Build.0 = Release|x86
		{8F26F051-EAFE-4392-9482-BFE0FBBE03A6}.Debug|Any CPU.ActiveCfg = Debug|Any CPU
		{8F26F051-EAFE-4392-9482-BFE0FBBE03A6}.Debug|Any CPU.Build.0 = Debug|Any CPU
		{8F26F051-EAFE-4392-9482-BFE0FBBE03A6}.Debug|x86.ActiveCfg = Debug|x86
		{8F26F051-EAFE-4392-9482-BFE0FBBE03A6}.Debug|x86.Build.0 = Debug|x86
		{8F26F051-EAFE-4392-9482-BFE0FBBE03A6}.Release|Any CPU.ActiveCfg = Release|Any CPU
		{8F26F051-EAFE-4392-9482-BFE0FBBE03A6}.Release|Any CPU.Build.0 = Release|Any CPU
		{8F26F051-EAFE-4392-9482-BFE0FBBE03A6}.Release|x86.ActiveCfg = Release|x86
		{8F26F051-EAFE-4392-9482-BFE0FBBE03A6}.Release|x86.Build.0 = Release|x86
		{5444BE8F-5127-4C3F-938F-C32B252617E3}.Debug|Any CPU.ActiveCfg = Debug|Any CPU
		{5444BE8F-5127-4C3F-938F-C32B252617E3}.Debug|Any CPU.Build.0 = Debug|Any CPU
		{5444BE8F-5127-4C3F-938F-C32B252617E3}.Debug|x86.ActiveCfg = Debug|x86
		{5444BE8F-5127-4C3F-938F-C32B252617E3}.Debug|x86.Build.0 = Debug|x86
		{5444BE8F-5127-4C3F-938F-C32B252617E3}.Release|Any CPU.ActiveCfg = Release|Any CPU
		{5444BE8F-5127-4C3F-938F-C32B252617E3}.Release|Any CPU.Build.0 = Release|Any CPU
		{5444BE8F-5127-4C3F-938F-C32B252617E3}.Release|x86.ActiveCfg = Release|x86
		{5444BE8F-5127-4C3F-938F-C32B252617E3}.Release|x86.Build.0 = Release|x86
		{BF40D5D8-207D-409C-894C-79DE489D0537}.Debug|Any CPU.ActiveCfg = Debug|Any CPU
		{BF40D5D8-207D-409C-894C-79DE489D0537}.Debug|Any CPU.Build.0 = Debug|Any CPU
		{BF40D5D8-207D-409C-894C-79DE489D0537}.Debug|x86.ActiveCfg = Debug|x86
		{BF40D5D8-207D-409C-894C-79DE489D0537}.Debug|x86.Build.0 = Debug|x86
		{BF40D5D8-207D-409C-894C-79DE489D0537}.Release|Any CPU.ActiveCfg = Release|Any CPU
		{BF40D5D8-207D-409C-894C-79DE489D0537}.Release|Any CPU.Build.0 = Release|Any CPU
		{BF40D5D8-207D-409C-894C-79DE489D0537}.Release|x86.ActiveCfg = Release|x86
		{BF40D5D8-207D-409C-894C-79DE489D0537}.Release|x86.Build.0 = Release|x86
		{77FFB27E-E9B9-4BC1-8016-5D9FF1487108}.Debug|Any CPU.ActiveCfg = Debug|Any CPU
		{77FFB27E-E9B9-4BC1-8016-5D9FF1487108}.Debug|Any CPU.Build.0 = Debug|Any CPU
		{77FFB27E-E9B9-4BC1-8016-5D9FF1487108}.Debug|x86.ActiveCfg = Debug|x86
		{77FFB27E-E9B9-4BC1-8016-5D9FF1487108}.Debug|x86.Build.0 = Debug|x86
		{77FFB27E-E9B9-4BC1-8016-5D9FF1487108}.Release|Any CPU.ActiveCfg = Release|Any CPU
		{77FFB27E-E9B9-4BC1-8016-5D9FF1487108}.Release|Any CPU.Build.0 = Release|Any CPU
		{77FFB27E-E9B9-4BC1-8016-5D9FF1487108}.Release|x86.ActiveCfg = Release|x86
		{77FFB27E-E9B9-4BC1-8016-5D9FF1487108}.Release|x86.Build.0 = Release|x86
		{0D59C588-B642-44C2-AD47-26B5911BA97C}.Debug|Any CPU.ActiveCfg = Debug|Any CPU
		{0D59C588-B642-44C2-AD47-26B5911BA97C}.Debug|Any CPU.Build.0 = Debug|Any CPU
		{0D59C588-B642-44C2-AD47-26B5911BA97C}.Debug|x86.ActiveCfg = Debug|x86
		{0D59C588-B642-44C2-AD47-26B5911BA97C}.Debug|x86.Build.0 = Debug|x86
		{0D59C588-B642-44C2-AD47-26B5911BA97C}.Release|Any CPU.ActiveCfg = Release|Any CPU
		{0D59C588-B642-44C2-AD47-26B5911BA97C}.Release|Any CPU.Build.0 = Release|Any CPU
		{0D59C588-B642-44C2-AD47-26B5911BA97C}.Release|x86.ActiveCfg = Release|x86
		{0D59C588-B642-44C2-AD47-26B5911BA97C}.Release|x86.Build.0 = Release|x86
		{01BAF746-1EB4-4BC5-86AC-322C2E7996BD}.Debug|Any CPU.ActiveCfg = Debug|Win32
		{01BAF746-1EB4-4BC5-86AC-322C2E7996BD}.Debug|x86.ActiveCfg = Debug|Win32
		{01BAF746-1EB4-4BC5-86AC-322C2E7996BD}.Release|Any CPU.ActiveCfg = Release|Win32
		{01BAF746-1EB4-4BC5-86AC-322C2E7996BD}.Release|Any CPU.Build.0 = Release|Win32
		{01BAF746-1EB4-4BC5-86AC-322C2E7996BD}.Release|x86.ActiveCfg = Release|Win32
		{01BAF746-1EB4-4BC5-86AC-322C2E7996BD}.Release|x86.Build.0 = Release|Win32
		{B93BBD55-3BB5-48D0-ADF5-4C007D3D52C0}.Debug|Any CPU.ActiveCfg = Debug|Any CPU
		{B93BBD55-3BB5-48D0-ADF5-4C007D3D52C0}.Debug|Any CPU.Build.0 = Debug|Any CPU
		{B93BBD55-3BB5-48D0-ADF5-4C007D3D52C0}.Debug|x86.ActiveCfg = Debug|x86
		{B93BBD55-3BB5-48D0-ADF5-4C007D3D52C0}.Debug|x86.Build.0 = Debug|x86
		{B93BBD55-3BB5-48D0-ADF5-4C007D3D52C0}.Release|Any CPU.ActiveCfg = Release|Any CPU
		{B93BBD55-3BB5-48D0-ADF5-4C007D3D52C0}.Release|Any CPU.Build.0 = Release|Any CPU
		{B93BBD55-3BB5-48D0-ADF5-4C007D3D52C0}.Release|x86.ActiveCfg = Release|x86
		{B93BBD55-3BB5-48D0-ADF5-4C007D3D52C0}.Release|x86.Build.0 = Release|x86
		{DE1F5169-A1B2-431D-BF5C-25FD3C336A1F}.Debug|Any CPU.ActiveCfg = Debug|Any CPU
		{DE1F5169-A1B2-431D-BF5C-25FD3C336A1F}.Debug|Any CPU.Build.0 = Debug|Any CPU
		{DE1F5169-A1B2-431D-BF5C-25FD3C336A1F}.Debug|x86.ActiveCfg = Debug|x86
		{DE1F5169-A1B2-431D-BF5C-25FD3C336A1F}.Debug|x86.Build.0 = Debug|x86
		{DE1F5169-A1B2-431D-BF5C-25FD3C336A1F}.Release|Any CPU.ActiveCfg = Release|Any CPU
		{DE1F5169-A1B2-431D-BF5C-25FD3C336A1F}.Release|Any CPU.Build.0 = Release|Any CPU
		{DE1F5169-A1B2-431D-BF5C-25FD3C336A1F}.Release|x86.ActiveCfg = Release|x86
		{DE1F5169-A1B2-431D-BF5C-25FD3C336A1F}.Release|x86.Build.0 = Release|x86
		{68C5300E-1CF3-47FB-B29A-33124BCFF587}.Debug|Any CPU.ActiveCfg = Debug
		{68C5300E-1CF3-47FB-B29A-33124BCFF587}.Debug|x86.ActiveCfg = Debug
		{68C5300E-1CF3-47FB-B29A-33124BCFF587}.Release|Any CPU.ActiveCfg = Release
		{68C5300E-1CF3-47FB-B29A-33124BCFF587}.Release|Any CPU.Build.0 = Release
		{68C5300E-1CF3-47FB-B29A-33124BCFF587}.Release|x86.ActiveCfg = Release
		{68C5300E-1CF3-47FB-B29A-33124BCFF587}.Release|x86.Build.0 = Release
		{FAA25E97-B978-4BDE-A93D-5DB04670FC63}.Debug|Any CPU.ActiveCfg = Debug|Any CPU
		{FAA25E97-B978-4BDE-A93D-5DB04670FC63}.Debug|Any CPU.Build.0 = Debug|Any CPU
		{FAA25E97-B978-4BDE-A93D-5DB04670FC63}.Debug|x86.ActiveCfg = Debug|x86
		{FAA25E97-B978-4BDE-A93D-5DB04670FC63}.Debug|x86.Build.0 = Debug|x86
		{FAA25E97-B978-4BDE-A93D-5DB04670FC63}.Release|Any CPU.ActiveCfg = Release|Any CPU
		{FAA25E97-B978-4BDE-A93D-5DB04670FC63}.Release|Any CPU.Build.0 = Release|Any CPU
		{FAA25E97-B978-4BDE-A93D-5DB04670FC63}.Release|x86.ActiveCfg = Release|x86
		{FAA25E97-B978-4BDE-A93D-5DB04670FC63}.Release|x86.Build.0 = Release|x86
		{BA2C05D0-12D2-416B-B60D-229D49ED39AC}.Debug|Any CPU.ActiveCfg = Debug|Any CPU
		{BA2C05D0-12D2-416B-B60D-229D49ED39AC}.Debug|Any CPU.Build.0 = Debug|Any CPU
		{BA2C05D0-12D2-416B-B60D-229D49ED39AC}.Debug|x86.ActiveCfg = Debug|x86
		{BA2C05D0-12D2-416B-B60D-229D49ED39AC}.Debug|x86.Build.0 = Debug|x86
		{BA2C05D0-12D2-416B-B60D-229D49ED39AC}.Release|Any CPU.ActiveCfg = Release|Any CPU
		{BA2C05D0-12D2-416B-B60D-229D49ED39AC}.Release|Any CPU.Build.0 = Release|Any CPU
		{BA2C05D0-12D2-416B-B60D-229D49ED39AC}.Release|x86.ActiveCfg = Release|x86
		{BA2C05D0-12D2-416B-B60D-229D49ED39AC}.Release|x86.Build.0 = Release|x86
	EndGlobalSection
	GlobalSection(SolutionProperties) = preSolution
		HideSolutionNode = FALSE
	EndGlobalSection
	GlobalSection(NestedProjects) = preSolution
		{981C08C1-FF99-4814-8BC9-E6F46432F806} = {1933488B-B5CF-4BDC-B3DC-4ECC2F672EDB}
		{0AD933C6-B0C9-4B00-A626-9F060375A0DE} = {1933488B-B5CF-4BDC-B3DC-4ECC2F672EDB}
		{63034166-E12F-469D-9675-FF66DD102377} = {1933488B-B5CF-4BDC-B3DC-4ECC2F672EDB}
		{2E22E4FC-020C-4BD8-A9E0-E8F9BD9E9B15} = {67D9C025-4B79-4686-8566-B0001382C15F}
		{EEDDE44A-B7EE-45CC-96F7-3675A8C848C3} = {67D9C025-4B79-4686-8566-B0001382C15F}
		{DE1F5169-A1B2-431D-BF5C-25FD3C336A1F} = {67D9C025-4B79-4686-8566-B0001382C15F}
		{FAA25E97-B978-4BDE-A93D-5DB04670FC63} = {67D9C025-4B79-4686-8566-B0001382C15F}
		{BA2C05D0-12D2-416B-B60D-229D49ED39AC} = {67D9C025-4B79-4686-8566-B0001382C15F}
		{D629D585-8591-4D70-9A41-C0D8AC954818} = {C70FD474-F619-4D29-8A14-4B9741296059}
		{7DF80582-C238-4DB3-A9CF-578653BFA377} = {C70FD474-F619-4D29-8A14-4B9741296059}
		{AC8B0FBD-6F71-44C6-A930-210C8CF8104B} = {C70FD474-F619-4D29-8A14-4B9741296059}
		{1A440E1E-5BC8-4BC8-8D10-45B5D57C1108} = {B5254349-42F6-4E43-99D3-F1693FCB5F7F}
		{A8A07573-B1AE-411F-B298-941D84865D82} = {B5254349-42F6-4E43-99D3-F1693FCB5F7F}
		{09C4C0AD-3464-41B5-8426-4BA1B950B5C4} = {B5254349-42F6-4E43-99D3-F1693FCB5F7F}
		{8FC057DD-8581-47A6-AA64-F863CE75C1A3} = {B5254349-42F6-4E43-99D3-F1693FCB5F7F}
		{BC74924A-F4EB-4EAB-88EB-CDBADC0F246F} = {C884CC9F-9C0A-4CCE-9080-5E33F5833C65}
		{95668CB5-662E-4CCA-A205-54745E440DF6} = {8C12090C-4D6C-4308-A25D-6B3B8347C1E0}
		{69CF94DF-FB51-46D4-BC62-02882C04E2D3} = {8C12090C-4D6C-4308-A25D-6B3B8347C1E0}
		{7FB4E1E5-70FA-4E86-9D29-9883E7C189AC} = {3FA4E2D4-841D-44CC-ACC0-25E6650BA0C8}
		{BF40D5D8-207D-409C-894C-79DE489D0537} = {3FA4E2D4-841D-44CC-ACC0-25E6650BA0C8}
		{D1E335F4-DF8A-4D15-AE78-EB2DEEAED488} = {B0EF2517-6CDE-47EB-ABC0-E79AE9F120CD}
		{8F26F051-EAFE-4392-9482-BFE0FBBE03A6} = {B0EF2517-6CDE-47EB-ABC0-E79AE9F120CD}
		{5444BE8F-5127-4C3F-938F-C32B252617E3} = {B0EF2517-6CDE-47EB-ABC0-E79AE9F120CD}
		{77FFB27E-E9B9-4BC1-8016-5D9FF1487108} = {B0EF2517-6CDE-47EB-ABC0-E79AE9F120CD}
		{0D59C588-B642-44C2-AD47-26B5911BA97C} = {B0EF2517-6CDE-47EB-ABC0-E79AE9F120CD}
		{B44E2EC4-D885-4292-A397-AA2B027EDB85} = {DC972D9D-288A-46E6-A6A3-EBD35BE1FB43}
		{9BBD0E00-AB45-4326-93F6-88D303962D59} = {DC972D9D-288A-46E6-A6A3-EBD35BE1FB43}
		{01BAF746-1EB4-4BC5-86AC-322C2E7996BD} = {DC972D9D-288A-46E6-A6A3-EBD35BE1FB43}
	EndGlobalSection
	GlobalSection(DPCodeReviewSolutionGUID) = preSolution
		DPCodeReviewSolutionGUID = {0B5859FE-3DE7-44E9-A4F9-494AAF89FE89}
	EndGlobalSection
EndGlobal
